{
  "name": "test-sw",
  "version": "1.0.0",
  "lockfileVersion": 1,
  "dependencies": {
    "isarray": {
      "version": "0.0.1",
      "resolved": "http://registry.npm.taobao.org/isarray/download/isarray-0.0.1.tgz",
      "integrity": "sha1-ihis/Kmo9Bd+Cav8YDiTmwXR7t8="
    },
    "path-to-regexp": {
      "version": "1.7.0",
      "resolved": "http://registry.npm.taobao.org/path-to-regexp/download/path-to-regexp-1.7.0.tgz",
      "integrity": "sha1-Wf3g9DW62suhA6hOnTvGTpa5k30="
    },
    "serviceworker-cache-polyfill": {
      "version": "4.0.0",
      "resolved": "http://registry.npm.taobao.org/serviceworker-cache-polyfill/download/serviceworker-cache-polyfill-4.0.0.tgz",
      "integrity": "sha1-3hnuc77yGrPAdAo3sz22JGS6ves="
    },
    "sw-toolbox": {
      "version": "3.6.0",
      "resolved": "http://registry.npm.taobao.org/sw-toolbox/download/sw-toolbox-3.6.0.tgz",
      "integrity": "sha1-Jt8dHHA0hljk3qKIQxkUm3sxg7U="
    }
  }
}
